
Microsoft Visual Studio Solution File, Format Version 12.00
# Visual Studio Version 17
VisualStudioVersion = 17.4.33403.182
MinimumVisualStudioVersion = 10.0.40219.1
Project("{8BC9CEB8-8B4A-11D0-8D11-00A0C91BC942}") = "text_3.23.1", "text_3.23.1\text_3.23.1.vcxproj", "{38C6AC42-FD41-4D18-82CA-7AB5E9DE08AA}"
EndProject
Global
	GlobalSection(SolutionConfigurationPlatforms) = preSolution
		Debug|x64 = Debug|x64
		Debug|x86 = Debug|x86
		Release|x64 = Release|x64
		Release|x86 = Release|x86
	EndGlobalSection
	GlobalSection(ProjectConfigurationPlatforms) = postSolution
		{38C6AC42-FD41-4D18-82CA-7AB5E9DE08AA}.Debug|x64.ActiveCfg = Debug|x64
		{38C6AC42-FD41-4D18-82CA-7AB5E9DE08AA}.Debug|x64.Build.0 = Debug|x64
		{38C6AC42-FD41-4D18-82CA-7AB5E9DE08AA}.Debug|x86.ActiveCfg = Debug|Win32
		{38C6AC42-FD41-4D18-82CA-7AB5E9DE08AA}.Debug|x86.Build.0 = Debug|Win32
		{38C6AC42-FD41-4D18-82CA-7AB5E9DE08AA}.Release|x64.ActiveCfg = Release|x64
		{38C6AC42-FD41-4D18-82CA-7AB5E9DE08AA}.Release|x64.Build.0 = Release|x64
		{38C6AC42-FD41-4D18-82CA-7AB5E9DE08AA}.Release|x86.ActiveCfg = Release|Win32
		{38C6AC42-FD41-4D18-82CA-7AB5E9DE08AA}.Release|x86.Build.0 = Release|Win32
	EndGlobalSection
	GlobalSection(SolutionProperties) = preSolution
		HideSolutionNode = FALSE
	EndGlobalSection
	GlobalSection(ExtensibilityGlobals) = postSolution
		SolutionGuid = {C4DDCE2C-1DB1-4920-9135-0907234E0A80}
	EndGlobalSection
EndGlobal
